
Microsoft Visual Studio Solution File, Format Version 12.00
# Visual Studio 14
VisualStudioVersion = 14.0.25420.1
MinimumVisualStudioVersion = 10.0.40219.1
Project("{FAE04EC0-301F-11D3-BF4B-00C04F79EFBC}") = "SocketTest.Server", "SocketTest.Server\SocketTest.Server.csproj", "{9ECE81DA-E544-4ECD-B23D-53AD99B9461E}"
EndProject
Project("{FAE04EC0-301F-11D3-BF4B-00C04F79EFBC}") = "SocketTest.Client", "SocketTest.Client\SocketTest.Client.csproj", "{A37A7279-A64C-4260-A953-5154DBF8D591}"
EndProject
Global
	GlobalSection(SolutionConfigurationPlatforms) = preSolution
		Debug|Any CPU = Debug|Any CPU
		Release|Any CPU = Release|Any CPU
	EndGlobalSection
	GlobalSection(ProjectConfigurationPlatforms) = postSolution
		{9ECE81DA-E544-4ECD-B23D-53AD99B9461E}.Debug|Any CPU.ActiveCfg = Debug|Any CPU
		{9ECE81DA-E544-4ECD-B23D-53AD99B9461E}.Debug|Any CPU.Build.0 = Debug|Any CPU
		{9ECE81DA-E544-4ECD-B23D-53AD99B9461E}.Release|Any CPU.ActiveCfg = Release|Any CPU
		{9ECE81DA-E544-4ECD-B23D-53AD99B9461E}.Release|Any CPU.Build.0 = Release|Any CPU
		{A37A7279-A64C-4260-A953-5154DBF8D591}.Debug|Any CPU.ActiveCfg = Debug|Any CPU
		{A37A7279-A64C-4260-A953-5154DBF8D591}.Debug|Any CPU.Build.0 = Debug|Any CPU
		{A37A7279-A64C-4260-A953-5154DBF8D591}.Release|Any CPU.ActiveCfg = Release|Any CPU
		{A37A7279-A64C-4260-A953-5154DBF8D591}.Release|Any CPU.Build.0 = Release|Any CPU
	EndGlobalSection
	GlobalSection(SolutionProperties) = preSolution
		HideSolutionNode = FALSE
	EndGlobalSection
EndGlobal
